
Microsoft Visual Studio Solution File, Format Version 12.00
# Visual Studio Version 17
VisualStudioVersion = 17.9.34723.18
MinimumVisualStudioVersion = 10.0.40219.1
Project("{9A19103F-16F7-4668-BE54-9A1E7A4F7556}") = "pre_sarcopenia.sln", "pre_sarcopenia.sln\pre_sarcopenia.sln.csproj", "{B336563D-65A0-4884-9F3A-1758B00F66FF}"
EndProject
Project("{54435603-DBB4-11D2-8724-00A0C9A8B90C}") = "Data_Collected", "Data_Collected\Data_Collected.vdproj", "{17B30F51-E9C2-4270-8C20-CF65DCEA3DC0}"
EndProject
Global
	GlobalSection(SolutionConfigurationPlatforms) = preSolution
		Debug|Any CPU = Debug|Any CPU
		Release|Any CPU = Release|Any CPU
	EndGlobalSection
	GlobalSection(ProjectConfigurationPlatforms) = postSolution
		{B336563D-65A0-4884-9F3A-1758B00F66FF}.Debug|Any CPU.ActiveCfg = Debug|Any CPU
		{B336563D-65A0-4884-9F3A-1758B00F66FF}.Debug|Any CPU.Build.0 = Debug|Any CPU
		{B336563D-65A0-4884-9F3A-1758B00F66FF}.Release|Any CPU.ActiveCfg = Release|Any CPU
		{B336563D-65A0-4884-9F3A-1758B00F66FF}.Release|Any CPU.Build.0 = Release|Any CPU
		{17B30F51-E9C2-4270-8C20-CF65DCEA3DC0}.Debug|Any CPU.ActiveCfg = Debug
		{17B30F51-E9C2-4270-8C20-CF65DCEA3DC0}.Release|Any CPU.ActiveCfg = Release
	EndGlobalSection
	GlobalSection(SolutionProperties) = preSolution
		HideSolutionNode = FALSE
	EndGlobalSection
	GlobalSection(ExtensibilityGlobals) = postSolution
		SolutionGuid = {AEF762FA-CD4F-4F5F-A800-7975B118F890}
	EndGlobalSection
EndGlobal
