
Microsoft Visual Studio Solution File, Format Version 12.00
# Visual Studio Version 17
VisualStudioVersion = 17.9.34723.18
MinimumVisualStudioVersion = 10.0.40219.1
Project("{FAE04EC0-301F-11D3-BF4B-00C04F79EFBC}") = "pre_sarcopenia.sln", "pre_sarcopenia.sln\pre_sarcopenia.sln.csproj", "{B336563D-65A0-4884-9F3A-1758B00F66FF}"
EndProject
Global
	GlobalSection(SolutionConfigurationPlatforms) = preSolution
		Debug|Any CPU = Debug|Any CPU
		Release|Any CPU = Release|Any CPU
	EndGlobalSection
	GlobalSection(ProjectConfigurationPlatforms) = postSolution
		{B336563D-65A0-4884-9F3A-1758B00F66FF}.Debug|Any CPU.ActiveCfg = Debug|Any CPU
		{B336563D-65A0-4884-9F3A-1758B00F66FF}.Debug|Any CPU.Build.0 = Debug|Any CPU
		{B336563D-65A0-4884-9F3A-1758B00F66FF}.Release|Any CPU.ActiveCfg = Release|Any CPU
		{B336563D-65A0-4884-9F3A-1758B00F66FF}.Release|Any CPU.Build.0 = Release|Any CPU
	EndGlobalSection
	GlobalSection(SolutionProperties) = preSolution
		HideSolutionNode = FALSE
	EndGlobalSection
	GlobalSection(ExtensibilityGlobals) = postSolution
		SolutionGuid = {AEF762FA-CD4F-4F5F-A800-7975B118F890}
	EndGlobalSection
EndGlobal
